PODS:
  - SDWebImage (5.5.0):
    - SDWebImage/Core (= 5.5.0)
  - SDWebImage/Core (5.5.0)

DEPENDENCIES:
  - SDWebImage (~> 5.0)

SPEC REPOS:
  trunk:
    - SDWebImage

SPEC CHECKSUMS:
  SDWebImage: 86589f0d47a7de15827640c71813e23fd428965c

PODFILE CHECKSUM: 3a923065a5713e1b547bcc2d10d71b14ab6b25f9

COCOAPODS: 1.8.4
